{
  "name": "air3-social-studio",
  "version": "0.2.0",
  "lockfileVersion": 3,
  "requires": true,
  "packages": {
    "": {
      "name": "air3-social-studio",
      "version": "0.2.0",
      "devDependencies": {
        "@types/node": "file:vendor/types-node-25.1.0.tgz",
        "typescript": "file:vendor/typescript-5.8.3.tgz",
        "undici-types": "file:vendor/undici-types-7.16.0.tgz"
      },
      "engines": {
        "node": ">=22.16.0"
      }
    },
    "node_modules/@types/node": {
      "version": "25.1.0",
      "resolved": "file:vendor/types-node-25.1.0.tgz",
      "integrity": "sha512-hefsYKROIw9Ywjm5P8HkbBIPrbmJJgulMlaYQmT2mxBjf19HQs6dJWtbhogsaPwMAWOxjVBdrdG3bIuVYfYspA==",
      "dev": true,
      "license": "MIT",
      "dependencies": {
        "undici-types": "~7.16.0"
      }
    },
    "node_modules/typescript": {
      "version": "5.8.3",
      "resolved": "file:vendor/typescript-5.8.3.tgz",
      "integrity": "sha512-W9DUJf/YRhmZmJD3S6CueakO7/l5Eo2FVdwB4g/4OoTs6/6USZ+4othMrhMW+QQhKAOeWCu675H5rPbzZ5yNSQ==",
      "dev": true,
      "license": "Apache-2.0",
      "bin": {
        "tsc": "bin/tsc",
        "tsserver": "bin/tsserver"
      },
      "engines": {
        "node": ">=14.17"
      }
    },
    "node_modules/undici-types": {
      "version": "7.16.0",
      "resolved": "file:vendor/undici-types-7.16.0.tgz",
      "integrity": "sha512-pHDi0vGO8dnTbEzjMJYDvcH+YrAM1empFUbFsqLpdMlWEvEP3H1EmU0B01y2Te+Z2SJXq1XRTUCCGQLxFDnX7Q==",
      "dev": true,
      "license": "MIT"
    }
  }
}
